
Microsoft Visual Studio Solution File, Format Version 12.00
# Visual Studio Version 17
VisualStudioVersion = 17.9.34723.18
MinimumVisualStudioVersion = 10.0.40219.1
Project("{9A19103F-16F7-4668-BE54-9A1E7A4F7556}") = "VoxelGame", "VoxelGame.csproj", "{E62D4823-E935-40E7-AC18-610A98FA75B8}"
EndProject
Project("{FAE04EC0-301F-11D3-BF4B-00C04F79EFBC}") = "ConsoleApp1", "..\ConsoleApp1\ConsoleApp1.csproj", "{046407B3-0A81-4EDD-9334-7142DF857C34}"
EndProject
Global
	GlobalSection(SolutionConfigurationPlatforms) = preSolution
		Debug|Any CPU = Debug|Any CPU
		ExportDebug|Any CPU = ExportDebug|Any CPU
		ExportRelease|Any CPU = ExportRelease|Any CPU
		Release|Any CPU = Release|Any CPU
	EndGlobalSection
	GlobalSection(ProjectConfigurationPlatforms) = postSolution
		{E62D4823-E935-40E7-AC18-610A98FA75B8}.Debug|Any CPU.ActiveCfg = Debug|Any CPU
		{E62D4823-E935-40E7-AC18-610A98FA75B8}.Debug|Any CPU.Build.0 = Debug|Any CPU
		{E62D4823-E935-40E7-AC18-610A98FA75B8}.ExportDebug|Any CPU.ActiveCfg = ExportDebug|Any CPU
		{E62D4823-E935-40E7-AC18-610A98FA75B8}.ExportDebug|Any CPU.Build.0 = ExportDebug|Any CPU
		{E62D4823-E935-40E7-AC18-610A98FA75B8}.ExportRelease|Any CPU.ActiveCfg = ExportRelease|Any CPU
		{E62D4823-E935-40E7-AC18-610A98FA75B8}.ExportRelease|Any CPU.Build.0 = ExportRelease|Any CPU
		{E62D4823-E935-40E7-AC18-610A98FA75B8}.Release|Any CPU.ActiveCfg = ExportRelease|Any CPU
		{E62D4823-E935-40E7-AC18-610A98FA75B8}.Release|Any CPU.Build.0 = ExportRelease|Any CPU
		{046407B3-0A81-4EDD-9334-7142DF857C34}.Debug|Any CPU.ActiveCfg = Debug|Any CPU
		{046407B3-0A81-4EDD-9334-7142DF857C34}.Debug|Any CPU.Build.0 = Debug|Any CPU
		{046407B3-0A81-4EDD-9334-7142DF857C34}.ExportDebug|Any CPU.ActiveCfg = Debug|Any CPU
		{046407B3-0A81-4EDD-9334-7142DF857C34}.ExportDebug|Any CPU.Build.0 = Debug|Any CPU
		{046407B3-0A81-4EDD-9334-7142DF857C34}.ExportRelease|Any CPU.ActiveCfg = Release|Any CPU
		{046407B3-0A81-4EDD-9334-7142DF857C34}.ExportRelease|Any CPU.Build.0 = Release|Any CPU
		{046407B3-0A81-4EDD-9334-7142DF857C34}.Release|Any CPU.ActiveCfg = Release|Any CPU
		{046407B3-0A81-4EDD-9334-7142DF857C34}.Release|Any CPU.Build.0 = Release|Any CPU
	EndGlobalSection
	GlobalSection(SolutionProperties) = preSolution
		HideSolutionNode = FALSE
	EndGlobalSection
	GlobalSection(ExtensibilityGlobals) = postSolution
		SolutionGuid = {7864CB9E-01B9-452B-A233-42E88541C177}
	EndGlobalSection
EndGlobal
